
Microsoft Visual Studio Solution File, Format Version 12.00
# Visual Studio Version 17
VisualStudioVersion = 17.9.34622.214
MinimumVisualStudioVersion = 10.0.40219.1
Project("{9A19103F-16F7-4668-BE54-9A1E7A4F7556}") = "Backup", "Backup\Backup.csproj", "{CA60E369-6E3C-4C72-A230-40E6E5E9F144}"
	ProjectSection(ProjectDependencies) = postProject
		{A7831BDF-7D99-4EF3-9A47-226D82123818} = {A7831BDF-7D99-4EF3-9A47-226D82123818}
	EndProjectSection
EndProject
Project("{9A19103F-16F7-4668-BE54-9A1E7A4F7556}") = "HealthAPI", "HealthAPI\HealthAPI.csproj", "{85D5698E-2649-40D3-BF46-1D389543AB57}"
	ProjectSection(ProjectDependencies) = postProject
		{A7831BDF-7D99-4EF3-9A47-226D82123818} = {A7831BDF-7D99-4EF3-9A47-226D82123818}
	EndProjectSection
EndProject
Project("{FAE04EC0-301F-11D3-BF4B-00C04F79EFBC}") = "CommonLIbrary", "CommonLIbrary\CommonLIbrary.csproj", "{A7831BDF-7D99-4EF3-9A47-226D82123818}"
EndProject
Global
	GlobalSection(SolutionConfigurationPlatforms) = preSolution
		Debug|Any CPU = Debug|Any CPU
		Release|Any CPU = Release|Any CPU
	EndGlobalSection
	GlobalSection(ProjectConfigurationPlatforms) = postSolution
		{CA60E369-6E3C-4C72-A230-40E6E5E9F144}.Debug|Any CPU.ActiveCfg = Debug|Any CPU
		{CA60E369-6E3C-4C72-A230-40E6E5E9F144}.Debug|Any CPU.Build.0 = Debug|Any CPU
		{CA60E369-6E3C-4C72-A230-40E6E5E9F144}.Release|Any CPU.ActiveCfg = Release|Any CPU
		{CA60E369-6E3C-4C72-A230-40E6E5E9F144}.Release|Any CPU.Build.0 = Release|Any CPU
		{85D5698E-2649-40D3-BF46-1D389543AB57}.Debug|Any CPU.ActiveCfg = Debug|Any CPU
		{85D5698E-2649-40D3-BF46-1D389543AB57}.Debug|Any CPU.Build.0 = Debug|Any CPU
		{85D5698E-2649-40D3-BF46-1D389543AB57}.Release|Any CPU.ActiveCfg = Release|Any CPU
		{85D5698E-2649-40D3-BF46-1D389543AB57}.Release|Any CPU.Build.0 = Release|Any CPU
		{A7831BDF-7D99-4EF3-9A47-226D82123818}.Debug|Any CPU.ActiveCfg = Debug|Any CPU
		{A7831BDF-7D99-4EF3-9A47-226D82123818}.Debug|Any CPU.Build.0 = Debug|Any CPU
		{A7831BDF-7D99-4EF3-9A47-226D82123818}.Release|Any CPU.ActiveCfg = Release|Any CPU
		{A7831BDF-7D99-4EF3-9A47-226D82123818}.Release|Any CPU.Build.0 = Release|Any CPU
	EndGlobalSection
	GlobalSection(SolutionProperties) = preSolution
		HideSolutionNode = FALSE
	EndGlobalSection
	GlobalSection(ExtensibilityGlobals) = postSolution
		SolutionGuid = {6B5302ED-4C8F-419B-81F7-AF3DDCE47956}
	EndGlobalSection
EndGlobal
